{
  "name": "PersonalPVT",
  "version": "0.1.0",
  "lockfileVersion": 1,
  "requires": true,
  "dependencies": {
    "angular": {
      "version": "1.3.20",
      "resolved": "https://registry.npmjs.org/angular/-/angular-1.3.20.tgz",
      "integrity": "sha512-FCpJxWBm1z9L/+BYLTXYs7a6z8eTYqxZlW4tcWTw9azOZQ4ySzj9f9NOn9u05UtJ4TX28pkaxCC6aDMXoZmF6w=="
    },
    "angular-motion": {
      "version": "0.3.4",
      "resolved": "https://registry.npmjs.org/angular-motion/-/angular-motion-0.3.4.tgz",
      "integrity": "sha512-8nlGtb53Ez368OnvTs+r3PLdv1LXBIk84dnClUdi2l1lNkVxvRqcpdorW1/mg71XbGc9iMONh4TvCWJCwv6YrQ=="
    },
    "angular-strap": {
      "version": "2.3.12",
      "resolved": "https://registry.npmjs.org/angular-strap/-/angular-strap-2.3.12.tgz",
      "integrity": "sha512-RWKy+Eh5G6h6w333OrwJL7y3hISMUfVuzKZsEmKW3G3cBXnrMBBUWZsPe7C8P6X9qgW2OUrdw9VTqxvQxxsG8g=="
    },
    "angular-ui-router": {
      "version": "0.2.18",
      "resolved": "https://registry.npmjs.org/angular-ui-router/-/angular-ui-router-0.2.18.tgz",
      "integrity": "sha512-xXRqMHC5Q4Yoo5xutvmjSVUKtP68CZyqEfuzmVSfw1+yr0QCDbR3SeAl/irOCVzlZxL4F1y2wRR7Oww2RkCa7g==",
      "requires": {
        "angular": "^1.0.8"
      }
    },
    "bootstrap": {
      "version": "3.2.0",
      "resolved": "https://registry.npmjs.org/bootstrap/-/bootstrap-3.2.0.tgz",
      "integrity": "sha512-MVUiqgpLinHRQlO8RIEsua7gmA+OHPD9wQU2ShAl+PzqmPXC0qzPgrynZEWTA6YlSY+APl7NEF3jXhBixadAvg=="
    },
    "chartjs": {
      "version": "0.3.24",
      "resolved": "https://registry.npmjs.org/chartjs/-/chartjs-0.3.24.tgz",
      "integrity": "sha512-h6G9qcDqmFYnSWqjWCzQMeOLiypS+pM6Fq2Rj7LPty8Kjx5yHonwwJ7oEHImZpQ2u9Pu36XGYfardvvBiQVrhg=="
    },
    "jquery": {
      "version": "2.1.4",
      "resolved": "https://registry.npmjs.org/jquery/-/jquery-2.1.4.tgz",
      "integrity": "sha512-wWR+eCq/T/Qt0NcFyM+QVho0ZVzWxFYANijmSMImXiM5mjr1aOaf4SF0eOEPc92bbK2L2vDpxw3lIszus7eO8Q=="
    },
    "moment": {
      "version": "2.8.4",
      "resolved": "https://registry.npmjs.org/moment/-/moment-2.8.4.tgz",
      "integrity": "sha512-PZTKkUyBuAAZvh20DslqxFYSTVsB7J5gdzJ9WS67XynvWsXPkDSqtkVMJrLQCGB2+tGwvDFbVhe6l6BK/ER86A=="
    }
  }
}
